
Microsoft Visual Studio Solution File, Format Version 12.00
# Visual Studio Version 17
VisualStudioVersion = 17.13.35825.156 d17.13
MinimumVisualStudioVersion = 10.0.40219.1
Project("{FAE04EC0-301F-11D3-BF4B-00C04F79EFBC}") = "LMS", "Book\LMS.csproj", "{64CFEF93-1726-4C0D-A00E-E2A0C42951F9}"
EndProject
Global
	GlobalSection(SolutionConfigurationPlatforms) = preSolution
		Debug|Any CPU = Debug|Any CPU
		Release|Any CPU = Release|Any CPU
	EndGlobalSection
	GlobalSection(ProjectConfigurationPlatforms) = postSolution
		{64CFEF93-1726-4C0D-A00E-E2A0C42951F9}.Debug|Any CPU.ActiveCfg = Debug|Any CPU
		{64CFEF93-1726-4C0D-A00E-E2A0C42951F9}.Debug|Any CPU.Build.0 = Debug|Any CPU
		{64CFEF93-1726-4C0D-A00E-E2A0C42951F9}.Release|Any CPU.ActiveCfg = Release|Any CPU
		{64CFEF93-1726-4C0D-A00E-E2A0C42951F9}.Release|Any CPU.Build.0 = Release|Any CPU
	EndGlobalSection
	GlobalSection(SolutionProperties) = preSolution
		HideSolutionNode = FALSE
	EndGlobalSection
	GlobalSection(ExtensibilityGlobals) = postSolution
		SolutionGuid = {B0DA6CD9-2F0B-4B94-BF34-5AA91C798398}
	EndGlobalSection
EndGlobal
